// !$*UTF8*$!
{
	archiveVersion = 1;
	classes = {
	};
	objectVersion = 56;
	objects = {

/* Begin PBXBuildFile section */
		281E28C52E050149008A2981 /* SnapshotManager .swift in Sources */ = {isa = PBXBuildFile; fileRef = 281E28C42E050149008A2981 /* SnapshotManager .swift */; };
		281EBD8F2E2A20A700FB03B1 /* CalendarEventHelper.swift in Sources */ = {isa = PBXBuildFile; fileRef = 281EBD8E2E2A20A700FB03B1 /* CalendarEventHelper.swift */; };
		2875E9F52E0415C100D9B0FC /* StudyRecordApp.swift in Sources */ = {isa = PBXBuildFile; fileRef = 2875E9AF2E0415C000D9B0FC /* StudyRecordApp.swift */; };
		2875E9F62E0415C100D9B0FC /* Assets.xcassets in Resources */ = {isa = PBXBuildFile; fileRef = 2875E9B32E0415C000D9B0FC /* Assets.xcassets */; };
		2875E9F72E0415C100D9B0FC /* DebugDateManager.swift in Sources */ = {isa = PBXBuildFile; fileRef = 2875E9B52E0415C000D9B0FC /* DebugDateManager.swift */; };
		2875E9F82E0415C100D9B0FC /* GraphDataService.swift in Sources */ = {isa = PBXBuildFile; fileRef = 2875E9B62E0415C000D9B0FC /* GraphDataService.swift */; };
		2875E9F92E0415C100D9B0FC /* DailyRecordService.swift in Sources */ = {isa = PBXBuildFile; fileRef = 2875E9B72E0415C000D9B0FC /* DailyRecordService.swift */; };
		2875E9FA2E0415C100D9B0FC /* CustomTextEditor.swift in Sources */ = {isa = PBXBuildFile; fileRef = 2875E9B82E0415C000D9B0FC /* CustomTextEditor.swift */; };
		2875E9FB2E0415C100D9B0FC /* CalendarUtils.swift in Sources */ = {isa = PBXBuildFile; fileRef = 2875E9B92E0415C000D9B0FC /* CalendarUtils.swift */; };
		2875E9FD2E0415C100D9B0FC /* PlanningCalendar.swift in Sources */ = {isa = PBXBuildFile; fileRef = 2875E9BE2E0415C000D9B0FC /* PlanningCalendar.swift */; };
		2875E9FE2E0415C100D9B0FC /* LabelSelector.swift in Sources */ = {isa = PBXBuildFile; fileRef = 2875E9BF2E0415C000D9B0FC /* LabelSelector.swift */; };
		2875E9FF2E0415C100D9B0FC /* AddBookOverlay.swift in Sources */ = {isa = PBXBuildFile; fileRef = 2875E9C12E0415C000D9B0FC /* AddBookOverlay.swift */; };
		2875EA002E0415C100D9B0FC /* MaterialSectionView.swift in Sources */ = {isa = PBXBuildFile; fileRef = 2875E9C22E0415C000D9B0FC /* MaterialSectionView.swift */; };
		2875EA012E0415C100D9B0FC /* MaterialCardView.swift in Sources */ = {isa = PBXBuildFile; fileRef = 2875E9C32E0415C000D9B0FC /* MaterialCardView.swift */; };
		2875EA032E0415C100D9B0FC /* SwitchButton.swift in Sources */ = {isa = PBXBuildFile; fileRef = 2875E9C62E0415C000D9B0FC /* SwitchButton.swift */; };
		2875EA042E0415C100D9B0FC /* YearReviewGraph.swift in Sources */ = {isa = PBXBuildFile; fileRef = 2875E9C72E0415C000D9B0FC /* YearReviewGraph.swift */; };
		2875EA052E0415C100D9B0FC /* MonthReviewCalendar.swift in Sources */ = {isa = PBXBuildFile; fileRef = 2875E9C82E0415C000D9B0FC /* MonthReviewCalendar.swift */; };
		2875EA062E0415C100D9B0FC /* InputReviewField.swift in Sources */ = {isa = PBXBuildFile; fileRef = 2875E9C92E0415C000D9B0FC /* InputReviewField.swift */; };
		2875EA072E0415C100D9B0FC /* SegmentedControlButton.swift in Sources */ = {isa = PBXBuildFile; fileRef = 2875E9CA2E0415C000D9B0FC /* SegmentedControlButton.swift */; };
		2875EA082E0415C100D9B0FC /* InputStudyRange.swift in Sources */ = {isa = PBXBuildFile; fileRef = 2875E9CC2E0415C000D9B0FC /* InputStudyRange.swift */; };
		2875EA092E0415C100D9B0FC /* MovePeriodPopup.swift in Sources */ = {isa = PBXBuildFile; fileRef = 2875E9CD2E0415C000D9B0FC /* MovePeriodPopup.swift */; };
		2875EA0A2E0415C100D9B0FC /* BasicButton.swift in Sources */ = {isa = PBXBuildFile; fileRef = 2875E9CE2E0415C000D9B0FC /* BasicButton.swift */; };
		2875EA0B2E0415C100D9B0FC /* TimeSelectButton.swift in Sources */ = {isa = PBXBuildFile; fileRef = 2875E9CF2E0415C000D9B0FC /* TimeSelectButton.swift */; };
		2875EA0C2E0415C100D9B0FC /* CustomRoundedCorner.swift in Sources */ = {isa = PBXBuildFile; fileRef = 2875E9D02E0415C000D9B0FC /* CustomRoundedCorner.swift */; };
		2875EA0D2E0415C100D9B0FC /* PullDown.swift in Sources */ = {isa = PBXBuildFile; fileRef = 2875E9D12E0415C000D9B0FC /* PullDown.swift */; };
		2875EA0E2E0415C100D9B0FC /* .gitignore in Resources */ = {isa = PBXBuildFile; fileRef = 2875E9D22E0415C000D9B0FC /* .gitignore */; };
		2875EA0F2E0415C100D9B0FC /* MonthlyRecordManager.swift in Sources */ = {isa = PBXBuildFile; fileRef = 2875E9D42E0415C000D9B0FC /* MonthlyRecordManager.swift */; };
		2875EA102E0415C100D9B0FC /* DailyRecordManager.swift in Sources */ = {isa = PBXBuildFile; fileRef = 2875E9D52E0415C000D9B0FC /* DailyRecordManager.swift */; };
		2875EA112E0415C100D9B0FC /* DailyRecord.swift in Sources */ = {isa = PBXBuildFile; fileRef = 2875E9D62E0415C000D9B0FC /* DailyRecord.swift */; };
		2875EA122E0415C100D9B0FC /* Material.swift in Sources */ = {isa = PBXBuildFile; fileRef = 2875E9D72E0415C000D9B0FC /* Material.swift */; };
		2875EA132E0415C100D9B0FC /* MonthlyRecord.swift in Sources */ = {isa = PBXBuildFile; fileRef = 2875E9D82E0415C000D9B0FC /* MonthlyRecord.swift */; };
		2875EA142E0415C100D9B0FC /* StudyRecordModel.xcdatamodeld in Sources */ = {isa = PBXBuildFile; fileRef = 2875E9D92E0415C000D9B0FC /* StudyRecordModel.xcdatamodeld */; };
		2875EA152E0415C100D9B0FC /* MaterialManager.swift in Sources */ = {isa = PBXBuildFile; fileRef = 2875E9DB2E0415C000D9B0FC /* MaterialManager.swift */; };
		2875EA162E0415C100D9B0FC /* PersistenceController.swift in Sources */ = {isa = PBXBuildFile; fileRef = 2875E9DC2E0415C000D9B0FC /* PersistenceController.swift */; };
		2875EA172E0415C100D9B0FC /* MainTabView.swift in Sources */ = {isa = PBXBuildFile; fileRef = 2875E9DE2E0415C000D9B0FC /* MainTabView.swift */; };
		2875EA182E0415C100D9B0FC /* StudyPlanView.swift in Sources */ = {isa = PBXBuildFile; fileRef = 2875E9E02E0415C000D9B0FC /* StudyPlanView.swift */; };
		2875EA192E0415C100D9B0FC /* PlanSettingWindowView.swift in Sources */ = {isa = PBXBuildFile; fileRef = 2875E9E12E0415C000D9B0FC /* PlanSettingWindowView.swift */; };
		2875EA1A2E0415C100D9B0FC /* BookSelectView.swift in Sources */ = {isa = PBXBuildFile; fileRef = 2875E9E22E0415C000D9B0FC /* BookSelectView.swift */; };
		2875EA1B2E0415C100D9B0FC /* ShareView.swift in Sources */ = {isa = PBXBuildFile; fileRef = 2875E9E32E0415C000D9B0FC /* ShareView.swift */; };
		2875EA1C2E0415C100D9B0FC /* DateReviewView.swift in Sources */ = {isa = PBXBuildFile; fileRef = 2875E9E52E0415C000D9B0FC /* DateReviewView.swift */; };
		2875EA1D2E0415C100D9B0FC /* YearReviewView.swift in Sources */ = {isa = PBXBuildFile; fileRef = 2875E9E62E0415C000D9B0FC /* YearReviewView.swift */; };
		2875EA1E2E0415C100D9B0FC /* YearReviewGraphView.swift in Sources */ = {isa = PBXBuildFile; fileRef = 2875E9E72E0415C000D9B0FC /* YearReviewGraphView.swift */; };
		2875EA1F2E0415C100D9B0FC /* MonthReviewView.swift in Sources */ = {isa = PBXBuildFile; fileRef = 2875E9E82E0415C000D9B0FC /* MonthReviewView.swift */; };
		2875EA202E0415C100D9B0FC /* BeforeCheckView.swift in Sources */ = {isa = PBXBuildFile; fileRef = 2875E9EA2E0415C000D9B0FC /* BeforeCheckView.swift */; };
		2875EA212E0415C100D9B0FC /* AfterCheckView.swift in Sources */ = {isa = PBXBuildFile; fileRef = 2875E9EB2E0415C000D9B0FC /* AfterCheckView.swift */; };
		2875EA222E0415C100D9B0FC /* ContentView.swift in Sources */ = {isa = PBXBuildFile; fileRef = 2875E9EC2E0415C000D9B0FC /* ContentView.swift */; };
		28893F7B2E13B2490084F807 /* ScreenshotHelper.swift in Sources */ = {isa = PBXBuildFile; fileRef = 28893F7A2E13B2490084F807 /* ScreenshotHelper.swift */; };
		28C2A5E12E8F914E00977297 /* StudyRecordTests.swift in Sources */ = {isa = PBXBuildFile; fileRef = 28C2A5E02E8F914E00977297 /* StudyRecordTests.swift */; };
		28C2A5E82E8F92C300977297 /* TestCoreDataStack.swift in Sources */ = {isa = PBXBuildFile; fileRef = 28C2A5E72E8F92C300977297 /* TestCoreDataStack.swift */; };
/* End PBXBuildFile section */

/* Begin PBXContainerItemProxy section */
		28C2A5E22E8F914E00977297 /* PBXContainerItemProxy */ = {
			isa = PBXContainerItemProxy;
			containerPortal = 288EEED42D647134001FACBC /* Project object */;
			proxyType = 1;
			remoteGlobalIDString = 288EEEDB2D647134001FACBC;
			remoteInfo = StudyRecord;
		};
/* End PBXContainerItemProxy section */

/* Begin PBXFileReference section */
		281E28C42E050149008A2981 /* SnapshotManager .swift */ = {isa = PBXFileReference; lastKnownFileType = sourcecode.swift; path = "SnapshotManager .swift"; sourceTree = "<group>"; };
		281EBD8E2E2A20A700FB03B1 /* CalendarEventHelper.swift */ = {isa = PBXFileReference; lastKnownFileType = sourcecode.swift; path = CalendarEventHelper.swift; sourceTree = "<group>"; };
		2875E9AF2E0415C000D9B0FC /* StudyRecordApp.swift */ = {isa = PBXFileReference; fileEncoding = 4; lastKnownFileType = sourcecode.swift; path = StudyRecordApp.swift; sourceTree = "<group>"; };
		2875E9B02E0415C000D9B0FC /* StudyRecord.xcodeproj */ = {isa = PBXFileReference; lastKnownFileType = "wrapper.pb-project"; path = StudyRecord.xcodeproj; sourceTree = "<group>"; };
		2875E9B32E0415C000D9B0FC /* Assets.xcassets */ = {isa = PBXFileReference; lastKnownFileType = folder.assetcatalog; path = Assets.xcassets; sourceTree = "<group>"; };
		2875E9B52E0415C000D9B0FC /* DebugDateManager.swift */ = {isa = PBXFileReference; fileEncoding = 4; lastKnownFileType = sourcecode.swift; path = DebugDateManager.swift; sourceTree = "<group>"; };
		2875E9B62E0415C000D9B0FC /* GraphDataService.swift */ = {isa = PBXFileReference; fileEncoding = 4; lastKnownFileType = sourcecode.swift; path = GraphDataService.swift; sourceTree = "<group>"; };
		2875E9B72E0415C000D9B0FC /* DailyRecordService.swift */ = {isa = PBXFileReference; fileEncoding = 4; lastKnownFileType = sourcecode.swift; path = DailyRecordService.swift; sourceTree = "<group>"; };
		2875E9B82E0415C000D9B0FC /* CustomTextEditor.swift */ = {isa = PBXFileReference; fileEncoding = 4; lastKnownFileType = sourcecode.swift; path = CustomTextEditor.swift; sourceTree = "<group>"; };
		2875E9B92E0415C000D9B0FC /* CalendarUtils.swift */ = {isa = PBXFileReference; fileEncoding = 4; lastKnownFileType = sourcecode.swift; path = CalendarUtils.swift; sourceTree = "<group>"; };
		2875E9BE2E0415C000D9B0FC /* PlanningCalendar.swift */ = {isa = PBXFileReference; fileEncoding = 4; lastKnownFileType = sourcecode.swift; path = PlanningCalendar.swift; sourceTree = "<group>"; };
		2875E9BF2E0415C000D9B0FC /* LabelSelector.swift */ = {isa = PBXFileReference; fileEncoding = 4; lastKnownFileType = sourcecode.swift; path = LabelSelector.swift; sourceTree = "<group>"; };
		2875E9C12E0415C000D9B0FC /* AddBookOverlay.swift */ = {isa = PBXFileReference; fileEncoding = 4; lastKnownFileType = sourcecode.swift; path = AddBookOverlay.swift; sourceTree = "<group>"; };
		2875E9C22E0415C000D9B0FC /* MaterialSectionView.swift */ = {isa = PBXFileReference; fileEncoding = 4; lastKnownFileType = sourcecode.swift; path = MaterialSectionView.swift; sourceTree = "<group>"; };
		2875E9C32E0415C000D9B0FC /* MaterialCardView.swift */ = {isa = PBXFileReference; fileEncoding = 4; lastKnownFileType = sourcecode.swift; path = MaterialCardView.swift; sourceTree = "<group>"; };
		2875E9C62E0415C000D9B0FC /* SwitchButton.swift */ = {isa = PBXFileReference; fileEncoding = 4; lastKnownFileType = sourcecode.swift; path = SwitchButton.swift; sourceTree = "<group>"; };
		2875E9C72E0415C000D9B0FC /* YearReviewGraph.swift */ = {isa = PBXFileReference; fileEncoding = 4; lastKnownFileType = sourcecode.swift; path = YearReviewGraph.swift; sourceTree = "<group>"; };
		2875E9C82E0415C000D9B0FC /* MonthReviewCalendar.swift */ = {isa = PBXFileReference; fileEncoding = 4; lastKnownFileType = sourcecode.swift; path = MonthReviewCalendar.swift; sourceTree = "<group>"; };
		2875E9C92E0415C000D9B0FC /* InputReviewField.swift */ = {isa = PBXFileReference; fileEncoding = 4; lastKnownFileType = sourcecode.swift; path = InputReviewField.swift; sourceTree = "<group>"; };
		2875E9CA2E0415C000D9B0FC /* SegmentedControlButton.swift */ = {isa = PBXFileReference; fileEncoding = 4; lastKnownFileType = sourcecode.swift; path = SegmentedControlButton.swift; sourceTree = "<group>"; };
		2875E9CC2E0415C000D9B0FC /* InputStudyRange.swift */ = {isa = PBXFileReference; fileEncoding = 4; lastKnownFileType = sourcecode.swift; path = InputStudyRange.swift; sourceTree = "<group>"; };
		2875E9CD2E0415C000D9B0FC /* MovePeriodPopup.swift */ = {isa = PBXFileReference; fileEncoding = 4; lastKnownFileType = sourcecode.swift; path = MovePeriodPopup.swift; sourceTree = "<group>"; };
		2875E9CE2E0415C000D9B0FC /* BasicButton.swift */ = {isa = PBXFileReference; fileEncoding = 4; lastKnownFileType = sourcecode.swift; path = BasicButton.swift; sourceTree = "<group>"; };
		2875E9CF2E0415C000D9B0FC /* TimeSelectButton.swift */ = {isa = PBXFileReference; fileEncoding = 4; lastKnownFileType = sourcecode.swift; path = TimeSelectButton.swift; sourceTree = "<group>"; };
		2875E9D02E0415C000D9B0FC /* CustomRoundedCorner.swift */ = {isa = PBXFileReference; fileEncoding = 4; lastKnownFileType = sourcecode.swift; path = CustomRoundedCorner.swift; sourceTree = "<group>"; };
		2875E9D12E0415C000D9B0FC /* PullDown.swift */ = {isa = PBXFileReference; fileEncoding = 4; lastKnownFileType = sourcecode.swift; path = PullDown.swift; sourceTree = "<group>"; };
		2875E9D22E0415C000D9B0FC /* .gitignore */ = {isa = PBXFileReference; fileEncoding = 4; lastKnownFileType = text; path = .gitignore; sourceTree = "<group>"; };
		2875E9D42E0415C000D9B0FC /* MonthlyRecordManager.swift */ = {isa = PBXFileReference; fileEncoding = 4; lastKnownFileType = sourcecode.swift; path = MonthlyRecordManager.swift; sourceTree = "<group>"; };
		2875E9D52E0415C000D9B0FC /* DailyRecordManager.swift */ = {isa = PBXFileReference; fileEncoding = 4; lastKnownFileType = sourcecode.swift; path = DailyRecordManager.swift; sourceTree = "<group>"; };
		2875E9D62E0415C000D9B0FC /* DailyRecord.swift */ = {isa = PBXFileReference; fileEncoding = 4; lastKnownFileType = sourcecode.swift; path = DailyRecord.swift; sourceTree = "<group>"; };
		2875E9D72E0415C000D9B0FC /* Material.swift */ = {isa = PBXFileReference; fileEncoding = 4; lastKnownFileType = sourcecode.swift; path = Material.swift; sourceTree = "<group>"; };
		2875E9D82E0415C000D9B0FC /* MonthlyRecord.swift */ = {isa = PBXFileReference; fileEncoding = 4; lastKnownFileType = sourcecode.swift; path = MonthlyRecord.swift; sourceTree = "<group>"; };
		2875E9DA2E0415C000D9B0FC /* StudyRecordModel.xcdatamodel */ = {isa = PBXFileReference; lastKnownFileType = wrapper.xcdatamodel; path = StudyRecordModel.xcdatamodel; sourceTree = "<group>"; };
		2875E9DB2E0415C000D9B0FC /* MaterialManager.swift */ = {isa = PBXFileReference; fileEncoding = 4; lastKnownFileType = sourcecode.swift; path = MaterialManager.swift; sourceTree = "<group>"; };
		2875E9DC2E0415C000D9B0FC /* PersistenceController.swift */ = {isa = PBXFileReference; fileEncoding = 4; lastKnownFileType = sourcecode.swift; path = PersistenceController.swift; sourceTree = "<group>"; };
		2875E9DE2E0415C000D9B0FC /* MainTabView.swift */ = {isa = PBXFileReference; fileEncoding = 4; lastKnownFileType = sourcecode.swift; path = MainTabView.swift; sourceTree = "<group>"; };
		2875E9E02E0415C000D9B0FC /* StudyPlanView.swift */ = {isa = PBXFileReference; fileEncoding = 4; lastKnownFileType = sourcecode.swift; path = StudyPlanView.swift; sourceTree = "<group>"; };
		2875E9E12E0415C000D9B0FC /* PlanSettingWindowView.swift */ = {isa = PBXFileReference; fileEncoding = 4; lastKnownFileType = sourcecode.swift; path = PlanSettingWindowView.swift; sourceTree = "<group>"; };
		2875E9E22E0415C000D9B0FC /* BookSelectView.swift */ = {isa = PBXFileReference; fileEncoding = 4; lastKnownFileType = sourcecode.swift; path = BookSelectView.swift; sourceTree = "<group>"; };
		2875E9E32E0415C000D9B0FC /* ShareView.swift */ = {isa = PBXFileReference; fileEncoding = 4; lastKnownFileType = sourcecode.swift; path = ShareView.swift; sourceTree = "<group>"; };
		2875E9E52E0415C000D9B0FC /* DateReviewView.swift */ = {isa = PBXFileReference; fileEncoding = 4; lastKnownFileType = sourcecode.swift; path = DateReviewView.swift; sourceTree = "<group>"; };
		2875E9E62E0415C000D9B0FC /* YearReviewView.swift */ = {isa = PBXFileReference; fileEncoding = 4; lastKnownFileType = sourcecode.swift; path = YearReviewView.swift; sourceTree = "<group>"; };
		2875E9E72E0415C000D9B0FC /* YearReviewGraphView.swift */ = {isa = PBXFileReference; fileEncoding = 4; lastKnownFileType = sourcecode.swift; path = YearReviewGraphView.swift; sourceTree = "<group>"; };
		2875E9E82E0415C000D9B0FC /* MonthReviewView.swift */ = {isa = PBXFileReference; fileEncoding = 4; lastKnownFileType = sourcecode.swift; path = MonthReviewView.swift; sourceTree = "<group>"; };
		2875E9EA2E0415C000D9B0FC /* BeforeCheckView.swift */ = {isa = PBXFileReference; fileEncoding = 4; lastKnownFileType = sourcecode.swift; path = BeforeCheckView.swift; sourceTree = "<group>"; };
		2875E9EB2E0415C000D9B0FC /* AfterCheckView.swift */ = {isa = PBXFileReference; fileEncoding = 4; lastKnownFileType = sourcecode.swift; path = AfterCheckView.swift; sourceTree = "<group>"; };
		2875E9EC2E0415C000D9B0FC /* ContentView.swift */ = {isa = PBXFileReference; fileEncoding = 4; lastKnownFileType = sourcecode.swift; path = ContentView.swift; sourceTree = "<group>"; };
		2875E9ED2E0415C000D9B0FC /* Info.plist */ = {isa = PBXFileReference; fileEncoding = 4; lastKnownFileType = text.plist.xml; path = Info.plist; sourceTree = "<group>"; };
		28893F7A2E13B2490084F807 /* ScreenshotHelper.swift */ = {isa = PBXFileReference; lastKnownFileType = sourcecode.swift; path = ScreenshotHelper.swift; sourceTree = "<group>"; };
		288EEEDC2D647134001FACBC /* StudyRecord.app */ = {isa = PBXFileReference; explicitFileType = wrapper.application; includeInIndex = 0; path = StudyRecord.app; sourceTree = BUILT_PRODUCTS_DIR; };
		28C2A5DE2E8F914E00977297 /* StudyRecordTests.xctest */ = {isa = PBXFileReference; explicitFileType = wrapper.cfbundle; includeInIndex = 0; path = StudyRecordTests.xctest; sourceTree = BUILT_PRODUCTS_DIR; };
		28C2A5E02E8F914E00977297 /* StudyRecordTests.swift */ = {isa = PBXFileReference; lastKnownFileType = sourcecode.swift; path = StudyRecordTests.swift; sourceTree = "<group>"; };
		28C2A5E72E8F92C300977297 /* TestCoreDataStack.swift */ = {isa = PBXFileReference; lastKnownFileType = sourcecode.swift; path = TestCoreDataStack.swift; sourceTree = "<group>"; };
/* End PBXFileReference section */

/* Begin PBXFrameworksBuildPhase section */
		288EEED92D647134001FACBC /* Frameworks */ = {
			isa = PBXFrameworksBuildPhase;
			buildActionMask = 2147483647;
			files = (
			);
			runOnlyForDeploymentPostprocessing = 0;
		};
		28C2A5DB2E8F914E00977297 /* Frameworks */ = {
			isa = PBXFrameworksBuildPhase;
			buildActionMask = 2147483647;
			files = (
			);
			runOnlyForDeploymentPostprocessing = 0;
		};
/* End PBXFrameworksBuildPhase section */

/* Begin PBXGroup section */
		2875E9A42E0415C000D9B0FC /* StudyRecord */ = {
			isa = PBXGroup;
			children = (
				2875E9AF2E0415C000D9B0FC /* StudyRecordApp.swift */,
				2875E9B02E0415C000D9B0FC /* StudyRecord.xcodeproj */,
				2875E9B32E0415C000D9B0FC /* Assets.xcassets */,
				2875E9B42E0415C000D9B0FC /* Utils */,
				2875E9BC2E0415C000D9B0FC /* Components */,
				2875E9D22E0415C000D9B0FC /* .gitignore */,
				2875E9D32E0415C000D9B0FC /* Data */,
				2875E9DD2E0415C000D9B0FC /* Views */,
				2875E9EC2E0415C000D9B0FC /* ContentView.swift */,
				2875E9ED2E0415C000D9B0FC /* Info.plist */,
			);
			name = StudyRecord;
			sourceTree = "<group>";
		};
		2875E9B12E0415C000D9B0FC /* Products */ = {
			isa = PBXGroup;
			name = Products;
			sourceTree = "<group>";
		};
		2875E9B42E0415C000D9B0FC /* Utils */ = {
			isa = PBXGroup;
			children = (
				2875E9B52E0415C000D9B0FC /* DebugDateManager.swift */,
				2875E9B62E0415C000D9B0FC /* GraphDataService.swift */,
				2875E9B72E0415C000D9B0FC /* DailyRecordService.swift */,
				2875E9B82E0415C000D9B0FC /* CustomTextEditor.swift */,
				2875E9B92E0415C000D9B0FC /* CalendarUtils.swift */,
				281E28C42E050149008A2981 /* SnapshotManager .swift */,
				28893F7A2E13B2490084F807 /* ScreenshotHelper.swift */,
				281EBD8E2E2A20A700FB03B1 /* CalendarEventHelper.swift */,
			);
			path = Utils;
			sourceTree = "<group>";
		};
		2875E9BC2E0415C000D9B0FC /* Components */ = {
			isa = PBXGroup;
			children = (
				2875E9BD2E0415C000D9B0FC /* PlanComponents */,
				2875E9C52E0415C000D9B0FC /* ReviewComponents */,
				2875E9CB2E0415C000D9B0FC /* CommonComponents */,
			);
			path = Components;
			sourceTree = "<group>";
		};
		2875E9BD2E0415C000D9B0FC /* PlanComponents */ = {
			isa = PBXGroup;
			children = (
				2875E9BE2E0415C000D9B0FC /* PlanningCalendar.swift */,
				2875E9BF2E0415C000D9B0FC /* LabelSelector.swift */,
				2875E9C02E0415C000D9B0FC /* BookSelectViewComponents */,
			);
			path = PlanComponents;
			sourceTree = "<group>";
		};
		2875E9C02E0415C000D9B0FC /* BookSelectViewComponents */ = {
			isa = PBXGroup;
			children = (
				2875E9C22E0415C000D9B0FC /* MaterialSectionView.swift */,
				2875E9C32E0415C000D9B0FC /* MaterialCardView.swift */,
			);
			path = BookSelectViewComponents;
			sourceTree = "<group>";
		};
		2875E9C52E0415C000D9B0FC /* ReviewComponents */ = {
			isa = PBXGroup;
			children = (
				2875E9C62E0415C000D9B0FC /* SwitchButton.swift */,
				2875E9C72E0415C000D9B0FC /* YearReviewGraph.swift */,
				2875E9C82E0415C000D9B0FC /* MonthReviewCalendar.swift */,
				2875E9C92E0415C000D9B0FC /* InputReviewField.swift */,
				2875E9CA2E0415C000D9B0FC /* SegmentedControlButton.swift */,
			);
			path = ReviewComponents;
			sourceTree = "<group>";
		};
		2875E9CB2E0415C000D9B0FC /* CommonComponents */ = {
			isa = PBXGroup;
			children = (
				2875E9CE2E0415C000D9B0FC /* BasicButton.swift */,
				2875E9CC2E0415C000D9B0FC /* InputStudyRange.swift */,
				2875E9CD2E0415C000D9B0FC /* MovePeriodPopup.swift */,
				2875E9CF2E0415C000D9B0FC /* TimeSelectButton.swift */,
				2875E9D02E0415C000D9B0FC /* CustomRoundedCorner.swift */,
				2875E9D12E0415C000D9B0FC /* PullDown.swift */,
			);
			path = CommonComponents;
			sourceTree = "<group>";
		};
		2875E9D32E0415C000D9B0FC /* Data */ = {
			isa = PBXGroup;
			children = (
				2875E9D42E0415C000D9B0FC /* MonthlyRecordManager.swift */,
				2875E9D52E0415C000D9B0FC /* DailyRecordManager.swift */,
				2875E9D62E0415C000D9B0FC /* DailyRecord.swift */,
				2875E9D72E0415C000D9B0FC /* Material.swift */,
				2875E9D82E0415C000D9B0FC /* MonthlyRecord.swift */,
				2875E9D92E0415C000D9B0FC /* StudyRecordModel.xcdatamodeld */,
				2875E9DB2E0415C000D9B0FC /* MaterialManager.swift */,
				2875E9DC2E0415C000D9B0FC /* PersistenceController.swift */,
			);
			path = Data;
			sourceTree = "<group>";
		};
		2875E9DD2E0415C000D9B0FC /* Views */ = {
			isa = PBXGroup;
			children = (
				2875E9DE2E0415C000D9B0FC /* MainTabView.swift */,
				2875E9E32E0415C000D9B0FC /* ShareView.swift */,
				2875E9DF2E0415C000D9B0FC /* Plan */,
				2875E9E42E0415C000D9B0FC /* Review */,
				2875E9E92E0415C000D9B0FC /* Check */,
			);
			path = Views;
			sourceTree = "<group>";
		};
		2875E9DF2E0415C000D9B0FC /* Plan */ = {
			isa = PBXGroup;
			children = (
				2875E9E02E0415C000D9B0FC /* StudyPlanView.swift */,
				2875E9E12E0415C000D9B0FC /* PlanSettingWindowView.swift */,
				2875E9E22E0415C000D9B0FC /* BookSelectView.swift */,
				2875E9C12E0415C000D9B0FC /* AddBookOverlay.swift */,
			);
			path = Plan;
			sourceTree = "<group>";
		};
		2875E9E42E0415C000D9B0FC /* Review */ = {
			isa = PBXGroup;
			children = (
				2875E9E52E0415C000D9B0FC /* DateReviewView.swift */,
				2875E9E62E0415C000D9B0FC /* YearReviewView.swift */,
				2875E9E72E0415C000D9B0FC /* YearReviewGraphView.swift */,
				2875E9E82E0415C000D9B0FC /* MonthReviewView.swift */,
			);
			path = Review;
			sourceTree = "<group>";
		};
		2875E9E92E0415C000D9B0FC /* Check */ = {
			isa = PBXGroup;
			children = (
				2875E9EA2E0415C000D9B0FC /* BeforeCheckView.swift */,
				2875E9EB2E0415C000D9B0FC /* AfterCheckView.swift */,
			);
			path = Check;
			sourceTree = "<group>";
		};
		288EEED32D647134001FACBC = {
			isa = PBXGroup;
			children = (
				2875E9A42E0415C000D9B0FC /* StudyRecord */,
				28C2A5DF2E8F914E00977297 /* StudyRecordTests */,
				288EEEDD2D647134001FACBC /* Products */,
			);
			sourceTree = "<group>";
		};
		288EEEDD2D647134001FACBC /* Products */ = {
			isa = PBXGroup;
			children = (
				288EEEDC2D647134001FACBC /* StudyRecord.app */,
				28C2A5DE2E8F914E00977297 /* StudyRecordTests.xctest */,
			);
			name = Products;
			sourceTree = "<group>";
		};
		28C2A5DF2E8F914E00977297 /* StudyRecordTests */ = {
			isa = PBXGroup;
			children = (
				28C2A5E02E8F914E00977297 /* StudyRecordTests.swift */,
				28C2A5E72E8F92C300977297 /* TestCoreDataStack.swift */,
			);
			path = StudyRecordTests;
			sourceTree = "<group>";
		};
/* End PBXGroup section */

/* Begin PBXNativeTarget section */
		288EEEDB2D647134001FACBC /* StudyRecord */ = {
			isa = PBXNativeTarget;
			buildConfigurationList = 288EEEEA2D647137001FACBC /* Build configuration list for PBXNativeTarget "StudyRecord" */;
			buildPhases = (
				288EEED82D647134001FACBC /* Sources */,
				288EEED92D647134001FACBC /* Frameworks */,
				288EEEDA2D647134001FACBC /* Resources */,
			);
			buildRules = (
			);
			dependencies = (
			);
			name = StudyRecord;
			productName = StudyRecord;
			productReference = 288EEEDC2D647134001FACBC /* StudyRecord.app */;
			productType = "com.apple.product-type.application";
		};
		28C2A5DD2E8F914E00977297 /* StudyRecordTests */ = {
			isa = PBXNativeTarget;
			buildConfigurationList = 28C2A5E42E8F914E00977297 /* Build configuration list for PBXNativeTarget "StudyRecordTests" */;
			buildPhases = (
				28C2A5DA2E8F914E00977297 /* Sources */,
				28C2A5DB2E8F914E00977297 /* Frameworks */,
				28C2A5DC2E8F914E00977297 /* Resources */,
			);
			buildRules = (
			);
			dependencies = (
				28C2A5E32E8F914E00977297 /* PBXTargetDependency */,
			);
			name = StudyRecordTests;
			productName = StudyRecordTests;
			productReference = 28C2A5DE2E8F914E00977297 /* StudyRecordTests.xctest */;
			productType = "com.apple.product-type.bundle.unit-test";
		};
/* End PBXNativeTarget section */

/* Begin PBXProject section */
		288EEED42D647134001FACBC /* Project object */ = {
			isa = PBXProject;
			attributes = {
				BuildIndependentTargetsInParallel = 1;
				LastSwiftUpdateCheck = 1520;
				LastUpgradeCheck = 1520;
				TargetAttributes = {
					288EEEDB2D647134001FACBC = {
						CreatedOnToolsVersion = 15.2;
					};
					28C2A5DD2E8F914E00977297 = {
						CreatedOnToolsVersion = 15.2;
						TestTargetID = 288EEEDB2D647134001FACBC;
					};
				};
			};
			buildConfigurationList = 288EEED72D647134001FACBC /* Build configuration list for PBXProject "StudyRecord" */;
			compatibilityVersion = "Xcode 14.0";
			developmentRegion = en;
			hasScannedForEncodings = 0;
			knownRegions = (
				en,
				Base,
			);
			mainGroup = 288EEED32D647134001FACBC;
			productRefGroup = 288EEEDD2D647134001FACBC /* Products */;
			projectDirPath = "";
			projectReferences = (
				{
					ProductGroup = 2875E9B12E0415C000D9B0FC /* Products */;
					ProjectRef = 2875E9B02E0415C000D9B0FC /* StudyRecord.xcodeproj */;
				},
			);
			projectRoot = "";
			targets = (
				288EEEDB2D647134001FACBC /* StudyRecord */,
				28C2A5DD2E8F914E00977297 /* StudyRecordTests */,
			);
		};
/* End PBXProject section */

/* Begin PBXResourcesBuildPhase section */
		288EEEDA2D647134001FACBC /* Resources */ = {
			isa = PBXResourcesBuildPhase;
			buildActionMask = 2147483647;
			files = (
				2875EA0E2E0415C100D9B0FC /* .gitignore in Resources */,
				2875E9F62E0415C100D9B0FC /* Assets.xcassets in Resources */,
			);
			runOnlyForDeploymentPostprocessing = 0;
		};
		28C2A5DC2E8F914E00977297 /* Resources */ = {
			isa = PBXResourcesBuildPhase;
			buildActionMask = 2147483647;
			files = (
			);
			runOnlyForDeploymentPostprocessing = 0;
		};
/* End PBXResourcesBuildPhase section */

/* Begin PBXSourcesBuildPhase section */
		288EEED82D647134001FACBC /* Sources */ = {
			isa = PBXSourcesBuildPhase;
			buildActionMask = 2147483647;
			files = (
				2875EA132E0415C100D9B0FC /* MonthlyRecord.swift in Sources */,
				2875EA102E0415C100D9B0FC /* DailyRecordManager.swift in Sources */,
				2875EA0A2E0415C100D9B0FC /* BasicButton.swift in Sources */,
				2875EA202E0415C100D9B0FC /* BeforeCheckView.swift in Sources */,
				2875EA0D2E0415C100D9B0FC /* PullDown.swift in Sources */,
				2875EA1D2E0415C100D9B0FC /* YearReviewView.swift in Sources */,
				2875EA032E0415C100D9B0FC /* SwitchButton.swift in Sources */,
				28893F7B2E13B2490084F807 /* ScreenshotHelper.swift in Sources */,
				2875EA1C2E0415C100D9B0FC /* DateReviewView.swift in Sources */,
				281E28C52E050149008A2981 /* SnapshotManager .swift in Sources */,
				2875E9FB2E0415C100D9B0FC /* CalendarUtils.swift in Sources */,
				2875EA182E0415C100D9B0FC /* StudyPlanView.swift in Sources */,
				2875E9F72E0415C100D9B0FC /* DebugDateManager.swift in Sources */,
				2875EA012E0415C100D9B0FC /* MaterialCardView.swift in Sources */,
				2875EA172E0415C100D9B0FC /* MainTabView.swift in Sources */,
				2875EA0B2E0415C100D9B0FC /* TimeSelectButton.swift in Sources */,
				2875EA0F2E0415C100D9B0FC /* MonthlyRecordManager.swift in Sources */,
				2875EA112E0415C100D9B0FC /* DailyRecord.swift in Sources */,
				2875EA192E0415C100D9B0FC /* PlanSettingWindowView.swift in Sources */,
				2875EA042E0415C100D9B0FC /* YearReviewGraph.swift in Sources */,
				2875EA1E2E0415C100D9B0FC /* YearReviewGraphView.swift in Sources */,
				2875EA082E0415C100D9B0FC /* InputStudyRange.swift in Sources */,
				2875EA142E0415C100D9B0FC /* StudyRecordModel.xcdatamodeld in Sources */,
				2875EA1A2E0415C100D9B0FC /* BookSelectView.swift in Sources */,
				2875EA162E0415C100D9B0FC /* PersistenceController.swift in Sources */,
				2875EA002E0415C100D9B0FC /* MaterialSectionView.swift in Sources */,
				2875E9FD2E0415C100D9B0FC /* PlanningCalendar.swift in Sources */,
				2875EA212E0415C100D9B0FC /* AfterCheckView.swift in Sources */,
				2875EA1F2E0415C100D9B0FC /* MonthReviewView.swift in Sources */,
				2875E9FA2E0415C100D9B0FC /* CustomTextEditor.swift in Sources */,
				2875E9F82E0415C100D9B0FC /* GraphDataService.swift in Sources */,
				2875EA122E0415C100D9B0FC /* Material.swift in Sources */,
				2875E9F52E0415C100D9B0FC /* StudyRecordApp.swift in Sources */,
				281EBD8F2E2A20A700FB03B1 /* CalendarEventHelper.swift in Sources */,
				2875E9FF2E0415C100D9B0FC /* AddBookOverlay.swift in Sources */,
				2875E9FE2E0415C100D9B0FC /* LabelSelector.swift in Sources */,
				2875EA0C2E0415C100D9B0FC /* CustomRoundedCorner.swift in Sources */,
				2875EA072E0415C100D9B0FC /* SegmentedControlButton.swift in Sources */,
				2875EA152E0415C100D9B0FC /* MaterialManager.swift in Sources */,
				2875EA052E0415C100D9B0FC /* MonthReviewCalendar.swift in Sources */,
				2875EA062E0415C100D9B0FC /* InputReviewField.swift in Sources */,
				2875EA092E0415C100D9B0FC /* MovePeriodPopup.swift in Sources */,
				2875EA222E0415C100D9B0FC /* ContentView.swift in Sources */,
				2875E9F92E0415C100D9B0FC /* DailyRecordService.swift in Sources */,
				2875EA1B2E0415C100D9B0FC /* ShareView.swift in Sources */,
			);
			runOnlyForDeploymentPostprocessing = 0;
		};
		28C2A5DA2E8F914E00977297 /* Sources */ = {
			isa = PBXSourcesBuildPhase;
			buildActionMask = 2147483647;
			files = (
				28C2A5E12E8F914E00977297 /* StudyRecordTests.swift in Sources */,
				28C2A5E82E8F92C300977297 /* TestCoreDataStack.swift in Sources */,
			);
			runOnlyForDeploymentPostprocessing = 0;
		};
/* End PBXSourcesBuildPhase section */

/* Begin PBXTargetDependency section */
		28C2A5E32E8F914E00977297 /* PBXTargetDependency */ = {
			isa = PBXTargetDependency;
			target = 288EEEDB2D647134001FACBC /* StudyRecord */;
			targetProxy = 28C2A5E22E8F914E00977297 /* PBXContainerItemProxy */;
		};
/* End PBXTargetDependency section */

/* Begin XCBuildConfiguration section */
		288EEEE82D647137001FACBC /* Debug */ = {
			isa = XCBuildConfiguration;
			buildSettings = {
				ALWAYS_SEARCH_USER_PATHS = NO;
				ASSETCATALOG_COMPILER_GENERATE_SWIFT_ASSET_SYMBOL_EXTENSIONS = YES;
				CLANG_ANALYZER_NONNULL = YES;
				CLANG_ANALYZER_NUMBER_OBJECT_CONVERSION = YES_AGGRESSIVE;
				CLANG_CXX_LANGUAGE_STANDARD = "gnu++20";
				CLANG_ENABLE_MODULES = YES;
				CLANG_ENABLE_OBJC_ARC = YES;
				CLANG_ENABLE_OBJC_WEAK = YES;
				CLANG_WARN_BLOCK_CAPTURE_AUTORELEASING = YES;
				CLANG_WARN_BOOL_CONVERSION = YES;
				CLANG_WARN_COMMA = YES;
				CLANG_WARN_CONSTANT_CONVERSION = YES;
				CLANG_WARN_DEPRECATED_OBJC_IMPLEMENTATIONS = YES;
				CLANG_WARN_DIRECT_OBJC_ISA_USAGE = YES_ERROR;
				CLANG_WARN_DOCUMENTATION_COMMENTS = YES;
				CLANG_WARN_EMPTY_BODY = YES;
				CLANG_WARN_ENUM_CONVERSION = YES;
				CLANG_WARN_INFINITE_RECURSION = YES;
				CLANG_WARN_INT_CONVERSION = YES;
				CLANG_WARN_NON_LITERAL_NULL_CONVERSION = YES;
				CLANG_WARN_OBJC_IMPLICIT_RETAIN_SELF = YES;
				CLANG_WARN_OBJC_LITERAL_CONVERSION = YES;
				CLANG_WARN_OBJC_ROOT_CLASS = YES_ERROR;
				CLANG_WARN_QUOTED_INCLUDE_IN_FRAMEWORK_HEADER = YES;
				CLANG_WARN_RANGE_LOOP_ANALYSIS = YES;
				CLANG_WARN_STRICT_PROTOTYPES = YES;
				CLANG_WARN_SUSPICIOUS_MOVE = YES;
				CLANG_WARN_UNGUARDED_AVAILABILITY = YES_AGGRESSIVE;
				CLANG_WARN_UNREACHABLE_CODE = YES;
				CLANG_WARN__DUPLICATE_METHOD_MATCH = YES;
				COPY_PHASE_STRIP = NO;
				DEBUG_INFORMATION_FORMAT = dwarf;
				ENABLE_STRICT_OBJC_MSGSEND = YES;
				ENABLE_TESTABILITY = YES;
				ENABLE_USER_SCRIPT_SANDBOXING = YES;
				GCC_C_LANGUAGE_STANDARD = gnu17;
				GCC_DYNAMIC_NO_PIC = NO;
				GCC_NO_COMMON_BLOCKS = YES;
				GCC_OPTIMIZATION_LEVEL = 0;
				GCC_PREPROCESSOR_DEFINITIONS = (
					"DEBUG=1",
					"$(inherited)",
				);
				GCC_WARN_64_TO_32_BIT_CONVERSION = YES;
				GCC_WARN_ABOUT_RETURN_TYPE = YES_ERROR;
				GCC_WARN_UNDECLARED_SELECTOR = YES;
				GCC_WARN_UNINITIALIZED_AUTOS = YES_AGGRESSIVE;
				GCC_WARN_UNUSED_FUNCTION = YES;
				GCC_WARN_UNUSED_VARIABLE = YES;
				IPHONEOS_DEPLOYMENT_TARGET = 17.2;
				LOCALIZATION_PREFERS_STRING_CATALOGS = YES;
				MTL_ENABLE_DEBUG_INFO = INCLUDE_SOURCE;
				MTL_FAST_MATH = YES;
				ONLY_ACTIVE_ARCH = YES;
				SDKROOT = iphoneos;
				SWIFT_ACTIVE_COMPILATION_CONDITIONS = "DEBUG $(inherited)";
				SWIFT_OPTIMIZATION_LEVEL = "-Onone";
			};
			name = Debug;
		};
		288EEEE92D647137001FACBC /* Release */ = {
			isa = XCBuildConfiguration;
			buildSettings = {
				ALWAYS_SEARCH_USER_PATHS = NO;
				ASSETCATALOG_COMPILER_GENERATE_SWIFT_ASSET_SYMBOL_EXTENSIONS = YES;
				CLANG_ANALYZER_NONNULL = YES;
				CLANG_ANALYZER_NUMBER_OBJECT_CONVERSION = YES_AGGRESSIVE;
				CLANG_CXX_LANGUAGE_STANDARD = "gnu++20";
				CLANG_ENABLE_MODULES = YES;
				CLANG_ENABLE_OBJC_ARC = YES;
				CLANG_ENABLE_OBJC_WEAK = YES;
				CLANG_WARN_BLOCK_CAPTURE_AUTORELEASING = YES;
				CLANG_WARN_BOOL_CONVERSION = YES;
				CLANG_WARN_COMMA = YES;
				CLANG_WARN_CONSTANT_CONVERSION = YES;
				CLANG_WARN_DEPRECATED_OBJC_IMPLEMENTATIONS = YES;
				CLANG_WARN_DIRECT_OBJC_ISA_USAGE = YES_ERROR;
				CLANG_WARN_DOCUMENTATION_COMMENTS = YES;
				CLANG_WARN_EMPTY_BODY = YES;
				CLANG_WARN_ENUM_CONVERSION = YES;
				CLANG_WARN_INFINITE_RECURSION = YES;
				CLANG_WARN_INT_CONVERSION = YES;
				CLANG_WARN_NON_LITERAL_NULL_CONVERSION = YES;
				CLANG_WARN_OBJC_IMPLICIT_RETAIN_SELF = YES;
				CLANG_WARN_OBJC_LITERAL_CONVERSION = YES;
				CLANG_WARN_OBJC_ROOT_CLASS = YES_ERROR;
				CLANG_WARN_QUOTED_INCLUDE_IN_FRAMEWORK_HEADER = YES;
				CLANG_WARN_RANGE_LOOP_ANALYSIS = YES;
				CLANG_WARN_STRICT_PROTOTYPES = YES;
				CLANG_WARN_SUSPICIOUS_MOVE = YES;
				CLANG_WARN_UNGUARDED_AVAILABILITY = YES_AGGRESSIVE;
				CLANG_WARN_UNREACHABLE_CODE = YES;
				CLANG_WARN__DUPLICATE_METHOD_MATCH = YES;
				COPY_PHASE_STRIP = NO;
				DEBUG_INFORMATION_FORMAT = "dwarf-with-dsym";
				ENABLE_NS_ASSERTIONS = NO;
				ENABLE_STRICT_OBJC_MSGSEND = YES;
				ENABLE_USER_SCRIPT_SANDBOXING = YES;
				GCC_C_LANGUAGE_STANDARD = gnu17;
				GCC_NO_COMMON_BLOCKS = YES;
				GCC_WARN_64_TO_32_BIT_CONVERSION = YES;
				GCC_WARN_ABOUT_RETURN_TYPE = YES_ERROR;
				GCC_WARN_UNDECLARED_SELECTOR = YES;
				GCC_WARN_UNINITIALIZED_AUTOS = YES_AGGRESSIVE;
				GCC_WARN_UNUSED_FUNCTION = YES;
				GCC_WARN_UNUSED_VARIABLE = YES;
				IPHONEOS_DEPLOYMENT_TARGET = 17.2;
				LOCALIZATION_PREFERS_STRING_CATALOGS = YES;
				MTL_ENABLE_DEBUG_INFO = NO;
				MTL_FAST_MATH = YES;
				SDKROOT = iphoneos;
				SWIFT_COMPILATION_MODE = wholemodule;
				VALIDATE_PRODUCT = YES;
			};
			name = Release;
		};
		288EEEEB2D647137001FACBC /* Debug */ = {
			isa = XCBuildConfiguration;
			buildSettings = {
				ASSETCATALOG_COMPILER_APPICON_NAME = AppIcon;
				ASSETCATALOG_COMPILER_GLOBAL_ACCENT_COLOR_NAME = AccentColor;
				CODE_SIGN_STYLE = Automatic;
				CURRENT_PROJECT_VERSION = 1;
				DEVELOPMENT_ASSET_PATHS = "";
				DEVELOPMENT_TEAM = TABUJ6J9T9;
				ENABLE_PREVIEWS = YES;
				GENERATE_INFOPLIST_FILE = YES;
				INFOPLIST_FILE = Info.plist;
				INFOPLIST_KEY_UIApplicationSceneManifest_Generation = YES;
				INFOPLIST_KEY_UIApplicationSupportsIndirectInputEvents = YES;
				INFOPLIST_KEY_UILaunchScreen_Generation = YES;
				INFOPLIST_KEY_UISupportedInterfaceOrientations_iPad = "UIInterfaceOrientationPortrait UIInterfaceOrientationPortraitUpsideDown UIInterfaceOrientationLandscapeLeft UIInterfaceOrientationLandscapeRight";
				INFOPLIST_KEY_UISupportedInterfaceOrientations_iPhone = "UIInterfaceOrientationPortrait UIInterfaceOrientationLandscapeLeft UIInterfaceOrientationLandscapeRight";
				IPHONEOS_DEPLOYMENT_TARGET = 16.0;
				LD_RUNPATH_SEARCH_PATHS = (
					"$(inherited)",
					"@executable_path/Frameworks",
				);
				MARKETING_VERSION = 1.0;
				PRODUCT_BUNDLE_IDENTIFIER = "com.au.uparupa-1029.StudyRecord";
				PRODUCT_NAME = "$(TARGET_NAME)";
				SWIFT_EMIT_LOC_STRINGS = YES;
				SWIFT_VERSION = 5.0;
				TARGETED_DEVICE_FAMILY = "1,2";
			};
			name = Debug;
		};
		288EEEEC2D647137001FACBC /* Release */ = {
			isa = XCBuildConfiguration;
			buildSettings = {
				ASSETCATALOG_COMPILER_APPICON_NAME = AppIcon;
				ASSETCATALOG_COMPILER_GLOBAL_ACCENT_COLOR_NAME = AccentColor;
				CODE_SIGN_STYLE = Automatic;
				CURRENT_PROJECT_VERSION = 1;
				DEVELOPMENT_ASSET_PATHS = "";
				DEVELOPMENT_TEAM = TABUJ6J9T9;
				ENABLE_PREVIEWS = YES;
				GENERATE_INFOPLIST_FILE = YES;
				INFOPLIST_FILE = Info.plist;
				INFOPLIST_KEY_UIApplicationSceneManifest_Generation = YES;
				INFOPLIST_KEY_UIApplicationSupportsIndirectInputEvents = YES;
				INFOPLIST_KEY_UILaunchScreen_Generation = YES;
				INFOPLIST_KEY_UISupportedInterfaceOrientations_iPad = "UIInterfaceOrientationPortrait UIInterfaceOrientationPortraitUpsideDown UIInterfaceOrientationLandscapeLeft UIInterfaceOrientationLandscapeRight";
				INFOPLIST_KEY_UISupportedInterfaceOrientations_iPhone = "UIInterfaceOrientationPortrait UIInterfaceOrientationLandscapeLeft UIInterfaceOrientationLandscapeRight";
				IPHONEOS_DEPLOYMENT_TARGET = 16.0;
				LD_RUNPATH_SEARCH_PATHS = (
					"$(inherited)",
					"@executable_path/Frameworks",
				);
				MARKETING_VERSION = 1.0;
				PRODUCT_BUNDLE_IDENTIFIER = "com.au.uparupa-1029.StudyRecord";
				PRODUCT_NAME = "$(TARGET_NAME)";
				SWIFT_EMIT_LOC_STRINGS = YES;
				SWIFT_VERSION = 5.0;
				TARGETED_DEVICE_FAMILY = "1,2";
			};
			name = Release;
		};
		28C2A5E52E8F914E00977297 /* Debug */ = {
			isa = XCBuildConfiguration;
			buildSettings = {
				BUNDLE_LOADER = "$(TEST_HOST)";
				CODE_SIGN_STYLE = Automatic;
				CURRENT_PROJECT_VERSION = 1;
				GENERATE_INFOPLIST_FILE = YES;
				MARKETING_VERSION = 1.0;
				PRODUCT_BUNDLE_IDENTIFIER = "com.au.uparupa-1029.StudyRecordTests";
				PRODUCT_NAME = "$(TARGET_NAME)";
				SWIFT_EMIT_LOC_STRINGS = NO;
				SWIFT_VERSION = 5.0;
				TARGETED_DEVICE_FAMILY = "1,2";
				TEST_HOST = "$(BUILT_PRODUCTS_DIR)/StudyRecord.app/$(BUNDLE_EXECUTABLE_FOLDER_PATH)/StudyRecord";
			};
			name = Debug;
		};
		28C2A5E62E8F914E00977297 /* Release */ = {
			isa = XCBuildConfiguration;
			buildSettings = {
				BUNDLE_LOADER = "$(TEST_HOST)";
				CODE_SIGN_STYLE = Automatic;
				CURRENT_PROJECT_VERSION = 1;
				GENERATE_INFOPLIST_FILE = YES;
				MARKETING_VERSION = 1.0;
				PRODUCT_BUNDLE_IDENTIFIER = "com.au.uparupa-1029.StudyRecordTests";
				PRODUCT_NAME = "$(TARGET_NAME)";
				SWIFT_EMIT_LOC_STRINGS = NO;
				SWIFT_VERSION = 5.0;
				TARGETED_DEVICE_FAMILY = "1,2";
				TEST_HOST = "$(BUILT_PRODUCTS_DIR)/StudyRecord.app/$(BUNDLE_EXECUTABLE_FOLDER_PATH)/StudyRecord";
			};
			name = Release;
		};
/* End XCBuildConfiguration section */

/* Begin XCConfigurationList section */
		288EEED72D647134001FACBC /* Build configuration list for PBXProject "StudyRecord" */ = {
			isa = XCConfigurationList;
			buildConfigurations = (
				288EEEE82D647137001FACBC /* Debug */,
				288EEEE92D647137001FACBC /* Release */,
			);
			defaultConfigurationIsVisible = 0;
			defaultConfigurationName = Release;
		};
		288EEEEA2D647137001FACBC /* Build configuration list for PBXNativeTarget "StudyRecord" */ = {
			isa = XCConfigurationList;
			buildConfigurations = (
				288EEEEB2D647137001FACBC /* Debug */,
				288EEEEC2D647137001FACBC /* Release */,
			);
			defaultConfigurationIsVisible = 0;
			defaultConfigurationName = Release;
		};
		28C2A5E42E8F914E00977297 /* Build configuration list for PBXNativeTarget "StudyRecordTests" */ = {
			isa = XCConfigurationList;
			buildConfigurations = (
				28C2A5E52E8F914E00977297 /* Debug */,
				28C2A5E62E8F914E00977297 /* Release */,
			);
			defaultConfigurationIsVisible = 0;
			defaultConfigurationName = Release;
		};
/* End XCConfigurationList section */

/* Begin XCVersionGroup section */
		2875E9D92E0415C000D9B0FC /* StudyRecordModel.xcdatamodeld */ = {
			isa = XCVersionGroup;
			children = (
				2875E9DA2E0415C000D9B0FC /* StudyRecordModel.xcdatamodel */,
			);
			currentVersion = 2875E9DA2E0415C000D9B0FC /* StudyRecordModel.xcdatamodel */;
			path = StudyRecordModel.xcdatamodeld;
			sourceTree = "<group>";
			versionGroupType = wrapper.xcdatamodel;
		};
/* End XCVersionGroup section */
	};
	rootObject = 288EEED42D647134001FACBC /* Project object */;
}
